
Microsoft Visual Studio Solution File, Format Version 12.00
# Visual Studio Version 17
VisualStudioVersion = 17.0.31903.59
MinimumVisualStudioVersion = 10.0.40219.1
Project("{FAE04EC0-301F-11D3-BF4B-00C04F79EFBC}") = "atividade1", "atividade1\atividade1.csproj", "{89B932B5-527A-48CB-9284-2684D9FE3065}"
EndProject
Project("{FAE04EC0-301F-11D3-BF4B-00C04F79EFBC}") = "atividade3", "atividade3\atividade3.csproj", "{66786D9D-046F-45BC-82F3-81210D74DA17}"
EndProject
Global
	GlobalSection(SolutionConfigurationPlatforms) = preSolution
		Debug|Any CPU = Debug|Any CPU
		Debug|x64 = Debug|x64
		Debug|x86 = Debug|x86
		Release|Any CPU = Release|Any CPU
		Release|x64 = Release|x64
		Release|x86 = Release|x86
	EndGlobalSection
	GlobalSection(ProjectConfigurationPlatforms) = postSolution
		{89B932B5-527A-48CB-9284-2684D9FE3065}.Debug|Any CPU.ActiveCfg = Debug|Any CPU
		{89B932B5-527A-48CB-9284-2684D9FE3065}.Debug|Any CPU.Build.0 = Debug|Any CPU
		{89B932B5-527A-48CB-9284-2684D9FE3065}.Debug|x64.ActiveCfg = Debug|Any CPU
		{89B932B5-527A-48CB-9284-2684D9FE3065}.Debug|x64.Build.0 = Debug|Any CPU
		{89B932B5-527A-48CB-9284-2684D9FE3065}.Debug|x86.ActiveCfg = Debug|Any CPU
		{89B932B5-527A-48CB-9284-2684D9FE3065}.Debug|x86.Build.0 = Debug|Any CPU
		{89B932B5-527A-48CB-9284-2684D9FE3065}.Release|Any CPU.ActiveCfg = Release|Any CPU
		{89B932B5-527A-48CB-9284-2684D9FE3065}.Release|Any CPU.Build.0 = Release|Any CPU
		{89B932B5-527A-48CB-9284-2684D9FE3065}.Release|x64.ActiveCfg = Release|Any CPU
		{89B932B5-527A-48CB-9284-2684D9FE3065}.Release|x64.Build.0 = Release|Any CPU
		{89B932B5-527A-48CB-9284-2684D9FE3065}.Release|x86.ActiveCfg = Release|Any CPU
		{89B932B5-527A-48CB-9284-2684D9FE3065}.Release|x86.Build.0 = Release|Any CPU
		{66786D9D-046F-45BC-82F3-81210D74DA17}.Debug|Any CPU.ActiveCfg = Debug|Any CPU
		{66786D9D-046F-45BC-82F3-81210D74DA17}.Debug|Any CPU.Build.0 = Debug|Any CPU
		{66786D9D-046F-45BC-82F3-81210D74DA17}.Debug|x64.ActiveCfg = Debug|Any CPU
		{66786D9D-046F-45BC-82F3-81210D74DA17}.Debug|x64.Build.0 = Debug|Any CPU
		{66786D9D-046F-45BC-82F3-81210D74DA17}.Debug|x86.ActiveCfg = Debug|Any CPU
		{66786D9D-046F-45BC-82F3-81210D74DA17}.Debug|x86.Build.0 = Debug|Any CPU
		{66786D9D-046F-45BC-82F3-81210D74DA17}.Release|Any CPU.ActiveCfg = Release|Any CPU
		{66786D9D-046F-45BC-82F3-81210D74DA17}.Release|Any CPU.Build.0 = Release|Any CPU
		{66786D9D-046F-45BC-82F3-81210D74DA17}.Release|x64.ActiveCfg = Release|Any CPU
		{66786D9D-046F-45BC-82F3-81210D74DA17}.Release|x64.Build.0 = Release|Any CPU
		{66786D9D-046F-45BC-82F3-81210D74DA17}.Release|x86.ActiveCfg = Release|Any CPU
		{66786D9D-046F-45BC-82F3-81210D74DA17}.Release|x86.Build.0 = Release|Any CPU
	EndGlobalSection
	GlobalSection(SolutionProperties) = preSolution
		HideSolutionNode = FALSE
	EndGlobalSection
EndGlobal
